
Microsoft Visual Studio Solution File, Format Version 12.00
# Visual Studio 15
VisualStudioVersion = 15.0.28010.2050
MinimumVisualStudioVersion = 10.0.40219.1
Project("{FAE04EC0-301F-11D3-BF4B-00C04F79EFBC}") = "CarRent3", "CarRent3\CarRent3.csproj", "{9039BDE3-D31F-4D4F-9BFE-5A9C0E8F5498}"
EndProject
Global
	GlobalSection(SolutionConfigurationPlatforms) = preSolution
		Debug|Any CPU = Debug|Any CPU
		Release|Any CPU = Release|Any CPU
	EndGlobalSection
	GlobalSection(ProjectConfigurationPlatforms) = postSolution
		{9039BDE3-D31F-4D4F-9BFE-5A9C0E8F5498}.Debug|Any CPU.ActiveCfg = Debug|Any CPU
		{9039BDE3-D31F-4D4F-9BFE-5A9C0E8F5498}.Debug|Any CPU.Build.0 = Debug|Any CPU
		{9039BDE3-D31F-4D4F-9BFE-5A9C0E8F5498}.Release|Any CPU.ActiveCfg = Release|Any CPU
		{9039BDE3-D31F-4D4F-9BFE-5A9C0E8F5498}.Release|Any CPU.Build.0 = Release|Any CPU
	EndGlobalSection
	GlobalSection(SolutionProperties) = preSolution
		HideSolutionNode = FALSE
	EndGlobalSection
	GlobalSection(ExtensibilityGlobals) = postSolution
		SolutionGuid = {95BD3C47-965C-419B-976E-E2FAABF9BB92}
	EndGlobalSection
EndGlobal
